
Microsoft Visual Studio Solution File, Format Version 12.00
# Visual Studio Version 16
VisualStudioVersion = 16.0.31402.337
MinimumVisualStudioVersion = 10.0.40219.1
Project("{FAE04EC0-301F-11D3-BF4B-00C04F79EFBC}") = "MetaTagCreator", "MetaTagCreator\MetaTagCreator.csproj", "{ADEECFE0-4430-435E-814B-40B1FC7E644C}"
EndProject
Global
	GlobalSection(SolutionConfigurationPlatforms) = preSolution
		Debug|Any CPU = Debug|Any CPU
		Release|Any CPU = Release|Any CPU
	EndGlobalSection
	GlobalSection(ProjectConfigurationPlatforms) = postSolution
		{ADEECFE0-4430-435E-814B-40B1FC7E644C}.Debug|Any CPU.ActiveCfg = Debug|Any CPU
		{ADEECFE0-4430-435E-814B-40B1FC7E644C}.Debug|Any CPU.Build.0 = Debug|Any CPU
		{ADEECFE0-4430-435E-814B-40B1FC7E644C}.Release|Any CPU.ActiveCfg = Release|Any CPU
		{ADEECFE0-4430-435E-814B-40B1FC7E644C}.Release|Any CPU.Build.0 = Release|Any CPU
	EndGlobalSection
	GlobalSection(SolutionProperties) = preSolution
		HideSolutionNode = FALSE
	EndGlobalSection
	GlobalSection(ExtensibilityGlobals) = postSolution
		SolutionGuid = {78AB273C-7784-4012-85C7-DCD5D0D3F6F8}
	EndGlobalSection
EndGlobal
